
Microsoft Visual Studio Solution File, Format Version 12.00
# Visual Studio Version 17
VisualStudioVersion = 17.11.35303.130
MinimumVisualStudioVersion = 10.0.40219.1
Project("{9A19103F-16F7-4668-BE54-9A1E7A4F7556}") = "eCashier", "eCashier.csproj", "{BB6A992E-1D00-4347-A24B-F8FF8E86A730}"
EndProject
Global
	GlobalSection(SolutionConfigurationPlatforms) = preSolution
		Debug|Any CPU = Debug|Any CPU
		Release|Any CPU = Release|Any CPU
	EndGlobalSection
	GlobalSection(ProjectConfigurationPlatforms) = postSolution
		{BB6A992E-1D00-4347-A24B-F8FF8E86A730}.Debug|Any CPU.ActiveCfg = Debug|Any CPU
		{BB6A992E-1D00-4347-A24B-F8FF8E86A730}.Debug|Any CPU.Build.0 = Debug|Any CPU
		{BB6A992E-1D00-4347-A24B-F8FF8E86A730}.Release|Any CPU.ActiveCfg = Release|Any CPU
		{BB6A992E-1D00-4347-A24B-F8FF8E86A730}.Release|Any CPU.Build.0 = Release|Any CPU
	EndGlobalSection
	GlobalSection(SolutionProperties) = preSolution
		HideSolutionNode = FALSE
	EndGlobalSection
	GlobalSection(ExtensibilityGlobals) = postSolution
		SolutionGuid = {382F1FF8-0F2B-4DE4-A782-F78E98CC524E}
	EndGlobalSection
EndGlobal
